
Microsoft Visual Studio Solution File, Format Version 12.00
# Visual Studio Version 16
VisualStudioVersion = 16.0.30907.101
MinimumVisualStudioVersion = 10.0.40219.1
Project("{9A19103F-16F7-4668-BE54-9A1E7A4F7556}") = "AddmlPack.Utils", "AddmlPack.Utils\AddmlPack.Utils.csproj", "{0E9E2339-0310-4FFC-A171-58A369EF374F}"
EndProject
Project("{9A19103F-16F7-4668-BE54-9A1E7A4F7556}") = "AddmlPack.API", "AddmlPack.API\AddmlPack.API.csproj", "{E8D96407-021B-49CE-8EC6-3AD5748623DD}"
	ProjectSection(ProjectDependencies) = postProject
		{1897A26D-F5AE-46F2-BB9D-EBE8F4B2D2E9} = {1897A26D-F5AE-46F2-BB9D-EBE8F4B2D2E9}
		{2E5DB1AF-1F0E-43B2-B5F1-E1F56B444AA8} = {2E5DB1AF-1F0E-43B2-B5F1-E1F56B444AA8}
	EndProjectSection
EndProject
Project("{9A19103F-16F7-4668-BE54-9A1E7A4F7556}") = "AddmlPack.CLI", "AddmlPack.CLI\AddmlPack.CLI.csproj", "{23D07A54-C913-4547-B94D-2930281C0FC2}"
EndProject
Project("{FAE04EC0-301F-11D3-BF4B-00C04F79EFBC}") = "AddmlPack.Utils.Mets", "AddmlPack.Utils.Mets\AddmlPack.Utils.Mets.csproj", "{1897A26D-F5AE-46F2-BB9D-EBE8F4B2D2E9}"
	ProjectSection(ProjectDependencies) = postProject
		{A44D0DBD-0A2D-4770-880E-9502B9871ABC} = {A44D0DBD-0A2D-4770-880E-9502B9871ABC}
	EndProjectSection
EndProject
Project("{FAE04EC0-301F-11D3-BF4B-00C04F79EFBC}") = "AddmlPack.Utils.Addml", "AddmlPack.Utils.Addml\AddmlPack.Utils.Addml.csproj", "{2E5DB1AF-1F0E-43B2-B5F1-E1F56B444AA8}"
EndProject
Project("{FAE04EC0-301F-11D3-BF4B-00C04F79EFBC}") = "AddmlPack.Templates", "AddmlPack.Templates\AddmlPack.Templates.csproj", "{00FAA2D2-A4AC-43B4-A875-57C4ECAF18F5}"
EndProject
Project("{FAE04EC0-301F-11D3-BF4B-00C04F79EFBC}") = "AddmlPack.Standards.Mets", "AddmlPack.Standards.Mets\AddmlPack.Standards.Mets.csproj", "{A44D0DBD-0A2D-4770-880E-9502B9871ABC}"
EndProject
Project("{FAE04EC0-301F-11D3-BF4B-00C04F79EFBC}") = "AddmlPack.Standards.Addml", "AddmlPack.Standards.Addml\AddmlPack.Standards.Addml.csproj", "{1EC5C175-0CA7-4A2E-83BC-EABCD4893608}"
EndProject
Project("{FAE04EC0-301F-11D3-BF4B-00C04F79EFBC}") = "AddmlPack.Utils.Spreadsheet", "AddmlPack.Utils.Spreadsheet\AddmlPack.Utils.Spreadsheet.csproj", "{343141BB-667F-4748-BE34-FE9BAF99A257}"
EndProject
Project("{FAE04EC0-301F-11D3-BF4B-00C04F79EFBC}") = "AddmlPack.Objects", "AddmlPack.Objects\AddmlPack.Objects.csproj", "{ED8BC811-1A06-42C6-A1D8-91F318A91450}"
EndProject
Global
	GlobalSection(SolutionConfigurationPlatforms) = preSolution
		Debug|Any CPU = Debug|Any CPU
		Release|Any CPU = Release|Any CPU
	EndGlobalSection
	GlobalSection(ProjectConfigurationPlatforms) = postSolution
		{0E9E2339-0310-4FFC-A171-58A369EF374F}.Debug|Any CPU.ActiveCfg = Debug|Any CPU
		{0E9E2339-0310-4FFC-A171-58A369EF374F}.Debug|Any CPU.Build.0 = Debug|Any CPU
		{0E9E2339-0310-4FFC-A171-58A369EF374F}.Release|Any CPU.ActiveCfg = Release|Any CPU
		{0E9E2339-0310-4FFC-A171-58A369EF374F}.Release|Any CPU.Build.0 = Release|Any CPU
		{E8D96407-021B-49CE-8EC6-3AD5748623DD}.Debug|Any CPU.ActiveCfg = Debug|Any CPU
		{E8D96407-021B-49CE-8EC6-3AD5748623DD}.Debug|Any CPU.Build.0 = Debug|Any CPU
		{E8D96407-021B-49CE-8EC6-3AD5748623DD}.Release|Any CPU.ActiveCfg = Release|Any CPU
		{E8D96407-021B-49CE-8EC6-3AD5748623DD}.Release|Any CPU.Build.0 = Release|Any CPU
		{23D07A54-C913-4547-B94D-2930281C0FC2}.Debug|Any CPU.ActiveCfg = Debug|Any CPU
		{23D07A54-C913-4547-B94D-2930281C0FC2}.Debug|Any CPU.Build.0 = Debug|Any CPU
		{23D07A54-C913-4547-B94D-2930281C0FC2}.Release|Any CPU.ActiveCfg = Release|Any CPU
		{23D07A54-C913-4547-B94D-2930281C0FC2}.Release|Any CPU.Build.0 = Release|Any CPU
		{1897A26D-F5AE-46F2-BB9D-EBE8F4B2D2E9}.Debug|Any CPU.ActiveCfg = Debug|Any CPU
		{1897A26D-F5AE-46F2-BB9D-EBE8F4B2D2E9}.Debug|Any CPU.Build.0 = Debug|Any CPU
		{1897A26D-F5AE-46F2-BB9D-EBE8F4B2D2E9}.Release|Any CPU.ActiveCfg = Release|Any CPU
		{1897A26D-F5AE-46F2-BB9D-EBE8F4B2D2E9}.Release|Any CPU.Build.0 = Release|Any CPU
		{2E5DB1AF-1F0E-43B2-B5F1-E1F56B444AA8}.Debug|Any CPU.ActiveCfg = Debug|Any CPU
		{2E5DB1AF-1F0E-43B2-B5F1-E1F56B444AA8}.Debug|Any CPU.Build.0 = Debug|Any CPU
		{2E5DB1AF-1F0E-43B2-B5F1-E1F56B444AA8}.Release|Any CPU.ActiveCfg = Release|Any CPU
		{2E5DB1AF-1F0E-43B2-B5F1-E1F56B444AA8}.Release|Any CPU.Build.0 = Release|Any CPU
		{00FAA2D2-A4AC-43B4-A875-57C4ECAF18F5}.Debug|Any CPU.ActiveCfg = Debug|Any CPU
		{00FAA2D2-A4AC-43B4-A875-57C4ECAF18F5}.Debug|Any CPU.Build.0 = Debug|Any CPU
		{00FAA2D2-A4AC-43B4-A875-57C4ECAF18F5}.Release|Any CPU.ActiveCfg = Release|Any CPU
		{00FAA2D2-A4AC-43B4-A875-57C4ECAF18F5}.Release|Any CPU.Build.0 = Release|Any CPU
		{A44D0DBD-0A2D-4770-880E-9502B9871ABC}.Debug|Any CPU.ActiveCfg = Debug|Any CPU
		{A44D0DBD-0A2D-4770-880E-9502B9871ABC}.Debug|Any CPU.Build.0 = Debug|Any CPU
		{A44D0DBD-0A2D-4770-880E-9502B9871ABC}.Release|Any CPU.ActiveCfg = Release|Any CPU
		{A44D0DBD-0A2D-4770-880E-9502B9871ABC}.Release|Any CPU.Build.0 = Release|Any CPU
		{1EC5C175-0CA7-4A2E-83BC-EABCD4893608}.Debug|Any CPU.ActiveCfg = Debug|Any CPU
		{1EC5C175-0CA7-4A2E-83BC-EABCD4893608}.Debug|Any CPU.Build.0 = Debug|Any CPU
		{1EC5C175-0CA7-4A2E-83BC-EABCD4893608}.Release|Any CPU.ActiveCfg = Release|Any CPU
		{1EC5C175-0CA7-4A2E-83BC-EABCD4893608}.Release|Any CPU.Build.0 = Release|Any CPU
		{343141BB-667F-4748-BE34-FE9BAF99A257}.Debug|Any CPU.ActiveCfg = Debug|Any CPU
		{343141BB-667F-4748-BE34-FE9BAF99A257}.Debug|Any CPU.Build.0 = Debug|Any CPU
		{343141BB-667F-4748-BE34-FE9BAF99A257}.Release|Any CPU.ActiveCfg = Release|Any CPU
		{343141BB-667F-4748-BE34-FE9BAF99A257}.Release|Any CPU.Build.0 = Release|Any CPU
		{ED8BC811-1A06-42C6-A1D8-91F318A91450}.Debug|Any CPU.ActiveCfg = Debug|Any CPU
		{ED8BC811-1A06-42C6-A1D8-91F318A91450}.Debug|Any CPU.Build.0 = Debug|Any CPU
		{ED8BC811-1A06-42C6-A1D8-91F318A91450}.Release|Any CPU.ActiveCfg = Release|Any CPU
		{ED8BC811-1A06-42C6-A1D8-91F318A91450}.Release|Any CPU.Build.0 = Release|Any CPU
	EndGlobalSection
	GlobalSection(SolutionProperties) = preSolution
		HideSolutionNode = FALSE
	EndGlobalSection
	GlobalSection(ExtensibilityGlobals) = postSolution
		SolutionGuid = {90CAEE27-69F0-40D0-8601-3B112DE8E3A5}
	EndGlobalSection
EndGlobal
